
Microsoft Visual Studio Solution File, Format Version 12.00
# Visual Studio Version 17
VisualStudioVersion = 17.0.31903.59
MinimumVisualStudioVersion = 10.0.40219.1
Project("{FAE04EC0-301F-11D3-BF4B-00C04F79EFBC}") = "Microservices.IDP", "src\Microservices.IDP\Microservices.IDP.csproj", "{03F387F4-4E94-4103-822A-EC9B40EC5D40}"
EndProject
Project("{2150E333-8FDC-42A3-9474-1A3956D46DE8}") = "Solution Items", "Solution Items", "{BA3F2F46-F3F6-454F-8F2A-E4E292F24A06}"
	ProjectSection(SolutionItems) = preProject
		src\docker-compose.yml = src\docker-compose.yml
		src\README.md = src\README.md
	EndProjectSection
EndProject
Project("{2150E333-8FDC-42A3-9474-1A3956D46DE8}") = "src", "src", "{FEC13405-23A0-439F-8103-83C18E3D6307}"
EndProject
Project("{FAE04EC0-301F-11D3-BF4B-00C04F79EFBC}") = "Microservices.IDP.Presentation", "src\Microservices.IDP.Presentation\Microservices.IDP.Presentation.csproj", "{FF879806-2F1F-4986-A4FF-5CE9713D017B}"
EndProject
Project("{FAE04EC0-301F-11D3-BF4B-00C04F79EFBC}") = "Microservices.IDP.Infrastructure", "src\Microservices.IDP.Infrastructure\Microservices.IDP.Infrastructure.csproj", "{8E03159D-9481-4A74-A487-4E0D4EAB3239}"
EndProject
Global
	GlobalSection(SolutionConfigurationPlatforms) = preSolution
		Debug|Any CPU = Debug|Any CPU
		Release|Any CPU = Release|Any CPU
	EndGlobalSection
	GlobalSection(SolutionProperties) = preSolution
		HideSolutionNode = FALSE
	EndGlobalSection
	GlobalSection(ProjectConfigurationPlatforms) = postSolution
		{03F387F4-4E94-4103-822A-EC9B40EC5D40}.Debug|Any CPU.ActiveCfg = Debug|Any CPU
		{03F387F4-4E94-4103-822A-EC9B40EC5D40}.Debug|Any CPU.Build.0 = Debug|Any CPU
		{03F387F4-4E94-4103-822A-EC9B40EC5D40}.Release|Any CPU.ActiveCfg = Release|Any CPU
		{03F387F4-4E94-4103-822A-EC9B40EC5D40}.Release|Any CPU.Build.0 = Release|Any CPU
		{FF879806-2F1F-4986-A4FF-5CE9713D017B}.Debug|Any CPU.ActiveCfg = Debug|Any CPU
		{FF879806-2F1F-4986-A4FF-5CE9713D017B}.Debug|Any CPU.Build.0 = Debug|Any CPU
		{FF879806-2F1F-4986-A4FF-5CE9713D017B}.Release|Any CPU.ActiveCfg = Release|Any CPU
		{FF879806-2F1F-4986-A4FF-5CE9713D017B}.Release|Any CPU.Build.0 = Release|Any CPU
		{8E03159D-9481-4A74-A487-4E0D4EAB3239}.Debug|Any CPU.ActiveCfg = Debug|Any CPU
		{8E03159D-9481-4A74-A487-4E0D4EAB3239}.Debug|Any CPU.Build.0 = Debug|Any CPU
		{8E03159D-9481-4A74-A487-4E0D4EAB3239}.Release|Any CPU.ActiveCfg = Release|Any CPU
		{8E03159D-9481-4A74-A487-4E0D4EAB3239}.Release|Any CPU.Build.0 = Release|Any CPU
	EndGlobalSection
	GlobalSection(NestedProjects) = preSolution
		{03F387F4-4E94-4103-822A-EC9B40EC5D40} = {FEC13405-23A0-439F-8103-83C18E3D6307}
		{FF879806-2F1F-4986-A4FF-5CE9713D017B} = {FEC13405-23A0-439F-8103-83C18E3D6307}
		{8E03159D-9481-4A74-A487-4E0D4EAB3239} = {FEC13405-23A0-439F-8103-83C18E3D6307}
	EndGlobalSection
EndGlobal
